
Microsoft Visual Studio Solution File, Format Version 12.00
# Visual Studio Version 17
VisualStudioVersion = 17.1.32210.238
MinimumVisualStudioVersion = 10.0.40219.1
Project("{FAE04EC0-301F-11D3-BF4B-00C04F79EFBC}") = "Валютный калькулятор", "Валютный калькулятор\Валютный калькулятор.csproj", "{D3EBE133-6F39-4E9C-9533-134831844F97}"
EndProject
Global
	GlobalSection(SolutionConfigurationPlatforms) = preSolution
		Debug|Any CPU = Debug|Any CPU
		Release|Any CPU = Release|Any CPU
	EndGlobalSection
	GlobalSection(ProjectConfigurationPlatforms) = postSolution
		{D3EBE133-6F39-4E9C-9533-134831844F97}.Debug|Any CPU.ActiveCfg = Debug|Any CPU
		{D3EBE133-6F39-4E9C-9533-134831844F97}.Debug|Any CPU.Build.0 = Debug|Any CPU
		{D3EBE133-6F39-4E9C-9533-134831844F97}.Release|Any CPU.ActiveCfg = Release|Any CPU
		{D3EBE133-6F39-4E9C-9533-134831844F97}.Release|Any CPU.Build.0 = Release|Any CPU
	EndGlobalSection
	GlobalSection(SolutionProperties) = preSolution
		HideSolutionNode = FALSE
	EndGlobalSection
	GlobalSection(ExtensibilityGlobals) = postSolution
		SolutionGuid = {FF8FDC27-FE26-45B3-A444-6E4626F878E3}
	EndGlobalSection
EndGlobal
