
Microsoft Visual Studio Solution File, Format Version 12.00
# Visual Studio Version 17
VisualStudioVersion = 17.1.32210.238
MinimumVisualStudioVersion = 10.0.40219.1
Project("{FAE04EC0-301F-11D3-BF4B-00C04F79EFBC}") = "ДЗ занятие 8", "ДЗ занятие 8\ДЗ занятие 8.csproj", "{6C5534A0-D07A-4905-8EC7-EDDA947522EC}"
EndProject
Global
	GlobalSection(SolutionConfigurationPlatforms) = preSolution
		Debug|Any CPU = Debug|Any CPU
		Release|Any CPU = Release|Any CPU
	EndGlobalSection
	GlobalSection(ProjectConfigurationPlatforms) = postSolution
		{6C5534A0-D07A-4905-8EC7-EDDA947522EC}.Debug|Any CPU.ActiveCfg = Debug|Any CPU
		{6C5534A0-D07A-4905-8EC7-EDDA947522EC}.Debug|Any CPU.Build.0 = Debug|Any CPU
		{6C5534A0-D07A-4905-8EC7-EDDA947522EC}.Release|Any CPU.ActiveCfg = Release|Any CPU
		{6C5534A0-D07A-4905-8EC7-EDDA947522EC}.Release|Any CPU.Build.0 = Release|Any CPU
	EndGlobalSection
	GlobalSection(SolutionProperties) = preSolution
		HideSolutionNode = FALSE
	EndGlobalSection
	GlobalSection(ExtensibilityGlobals) = postSolution
		SolutionGuid = {671A8936-4E3D-4912-A0D3-AB3C3C8DC6E8}
	EndGlobalSection
EndGlobal
